
Microsoft Visual Studio Solution File, Format Version 12.00
# Visual Studio 2012
Project("{2150E333-8FDC-42A3-9474-1A3956D46DE8}") = "Product", "Product", "{8D4236F7-C49B-49D3-BA71-6B86C9514BDE}"
EndProject
Project("{2150E333-8FDC-42A3-9474-1A3956D46DE8}") = "OAuth", "OAuth", "{9AF74F53-10F5-49A2-B747-87B97CD559D3}"
EndProject
Project("{2150E333-8FDC-42A3-9474-1A3956D46DE8}") = "OAuth2", "OAuth2", "{238B6BA8-AD99-43C9-B8E2-D2BCE6CE04DC}"
EndProject
Project("{FAE04EC0-301F-11D3-BF4B-00C04F79EFBC}") = "DotNetOpenAuth.Core", "DotNetOpenAuth.Core\DotNetOpenAuth.Core.csproj", "{60426312-6AE5-4835-8667-37EDEA670222}"
EndProject
Project("{FAE04EC0-301F-11D3-BF4B-00C04F79EFBC}") = "DotNetOpenAuth.OAuth", "DotNetOpenAuth.OAuth\DotNetOpenAuth.OAuth.csproj", "{A288FCC8-6FCF-46DA-A45E-5F9281556361}"
EndProject
Project("{FAE04EC0-301F-11D3-BF4B-00C04F79EFBC}") = "DotNetOpenAuth.OAuth2", "DotNetOpenAuth.OAuth2\DotNetOpenAuth.OAuth2.csproj", "{56459A6C-6BA2-4BAC-A9C0-27E3BD961FA6}"
EndProject
Project("{FAE04EC0-301F-11D3-BF4B-00C04F79EFBC}") = "DotNetOpenAuth.OAuth.Consumer", "DotNetOpenAuth.OAuth.Consumer\DotNetOpenAuth.OAuth.Consumer.csproj", "{B202E40D-4663-4A2B-ACDA-865F88FF7CAA}"
EndProject
Project("{FAE04EC0-301F-11D3-BF4B-00C04F79EFBC}") = "DotNetOpenAuth.OAuth.ServiceProvider", "DotNetOpenAuth.OAuth.ServiceProvider\DotNetOpenAuth.OAuth.ServiceProvider.csproj", "{FED1923A-6D70-49B5-A37A-FB744FEC1C86}"
EndProject
Project("{FAE04EC0-301F-11D3-BF4B-00C04F79EFBC}") = "DotNetOpenAuth.OAuth2.Client", "DotNetOpenAuth.OAuth2.Client\DotNetOpenAuth.OAuth2.Client.csproj", "{CDEDD439-7F35-4E6E-8605-4E70BDC4CC99}"
EndProject
Project("{FAE04EC0-301F-11D3-BF4B-00C04F79EFBC}") = "DotNetOpenAuth.OAuth.Common", "DotNetOpenAuth.OAuth.Common\DotNetOpenAuth.OAuth.Common.csproj", "{115217C5-22CD-415C-A292-0DD0238CDD89}"
EndProject
Project("{FAE04EC0-301F-11D3-BF4B-00C04F79EFBC}") = "DotNetOpenAuth.OAuth2.ClientAuthorization", "DotNetOpenAuth.OAuth2.ClientAuthorization\DotNetOpenAuth.OAuth2.ClientAuthorization.csproj", "{CCF3728A-B3D7-404A-9BC6-75197135F2D7}"
EndProject
Global
	GlobalSection(SolutionConfigurationPlatforms) = preSolution
		CodeAnalysis|Any CPU = CodeAnalysis|Any CPU
		Debug|Any CPU = Debug|Any CPU
		Release|Any CPU = Release|Any CPU
	EndGlobalSection
	GlobalSection(ProjectConfigurationPlatforms) = postSolution
		{60426312-6AE5-4835-8667-37EDEA670222}.CodeAnalysis|Any CPU.ActiveCfg = CodeAnalysis|Any CPU
		{60426312-6AE5-4835-8667-37EDEA670222}.CodeAnalysis|Any CPU.Build.0 = CodeAnalysis|Any CPU
		{60426312-6AE5-4835-8667-37EDEA670222}.Debug|Any CPU.ActiveCfg = Debug|Any CPU
		{60426312-6AE5-4835-8667-37EDEA670222}.Debug|Any CPU.Build.0 = Debug|Any CPU
		{60426312-6AE5-4835-8667-37EDEA670222}.Release|Any CPU.ActiveCfg = Release|Any CPU
		{60426312-6AE5-4835-8667-37EDEA670222}.Release|Any CPU.Build.0 = Release|Any CPU
		{A288FCC8-6FCF-46DA-A45E-5F9281556361}.CodeAnalysis|Any CPU.ActiveCfg = CodeAnalysis|Any CPU
		{A288FCC8-6FCF-46DA-A45E-5F9281556361}.CodeAnalysis|Any CPU.Build.0 = CodeAnalysis|Any CPU
		{A288FCC8-6FCF-46DA-A45E-5F9281556361}.Debug|Any CPU.ActiveCfg = Debug|Any CPU
		{A288FCC8-6FCF-46DA-A45E-5F9281556361}.Debug|Any CPU.Build.0 = Debug|Any CPU
		{A288FCC8-6FCF-46DA-A45E-5F9281556361}.Release|Any CPU.ActiveCfg = Release|Any CPU
		{A288FCC8-6FCF-46DA-A45E-5F9281556361}.Release|Any CPU.Build.0 = Release|Any CPU
		{56459A6C-6BA2-4BAC-A9C0-27E3BD961FA6}.CodeAnalysis|Any CPU.ActiveCfg = CodeAnalysis|Any CPU
		{56459A6C-6BA2-4BAC-A9C0-27E3BD961FA6}.CodeAnalysis|Any CPU.Build.0 = CodeAnalysis|Any CPU
		{56459A6C-6BA2-4BAC-A9C0-27E3BD961FA6}.Debug|Any CPU.ActiveCfg = Debug|Any CPU
		{56459A6C-6BA2-4BAC-A9C0-27E3BD961FA6}.Debug|Any CPU.Build.0 = Debug|Any CPU
		{56459A6C-6BA2-4BAC-A9C0-27E3BD961FA6}.Release|Any CPU.ActiveCfg = Release|Any CPU
		{56459A6C-6BA2-4BAC-A9C0-27E3BD961FA6}.Release|Any CPU.Build.0 = Release|Any CPU
		{B202E40D-4663-4A2B-ACDA-865F88FF7CAA}.CodeAnalysis|Any CPU.ActiveCfg = CodeAnalysis|Any CPU
		{B202E40D-4663-4A2B-ACDA-865F88FF7CAA}.CodeAnalysis|Any CPU.Build.0 = CodeAnalysis|Any CPU
		{B202E40D-4663-4A2B-ACDA-865F88FF7CAA}.Debug|Any CPU.ActiveCfg = Debug|Any CPU
		{B202E40D-4663-4A2B-ACDA-865F88FF7CAA}.Debug|Any CPU.Build.0 = Debug|Any CPU
		{B202E40D-4663-4A2B-ACDA-865F88FF7CAA}.Release|Any CPU.ActiveCfg = Release|Any CPU
		{B202E40D-4663-4A2B-ACDA-865F88FF7CAA}.Release|Any CPU.Build.0 = Release|Any CPU
		{FED1923A-6D70-49B5-A37A-FB744FEC1C86}.CodeAnalysis|Any CPU.ActiveCfg = CodeAnalysis|Any CPU
		{FED1923A-6D70-49B5-A37A-FB744FEC1C86}.CodeAnalysis|Any CPU.Build.0 = CodeAnalysis|Any CPU
		{FED1923A-6D70-49B5-A37A-FB744FEC1C86}.Debug|Any CPU.ActiveCfg = Debug|Any CPU
		{FED1923A-6D70-49B5-A37A-FB744FEC1C86}.Debug|Any CPU.Build.0 = Debug|Any CPU
		{FED1923A-6D70-49B5-A37A-FB744FEC1C86}.Release|Any CPU.ActiveCfg = Release|Any CPU
		{FED1923A-6D70-49B5-A37A-FB744FEC1C86}.Release|Any CPU.Build.0 = Release|Any CPU
		{CDEDD439-7F35-4E6E-8605-4E70BDC4CC99}.CodeAnalysis|Any CPU.ActiveCfg = CodeAnalysis|Any CPU
		{CDEDD439-7F35-4E6E-8605-4E70BDC4CC99}.CodeAnalysis|Any CPU.Build.0 = CodeAnalysis|Any CPU
		{CDEDD439-7F35-4E6E-8605-4E70BDC4CC99}.Debug|Any CPU.ActiveCfg = Debug|Any CPU
		{CDEDD439-7F35-4E6E-8605-4E70BDC4CC99}.Debug|Any CPU.Build.0 = Debug|Any CPU
		{CDEDD439-7F35-4E6E-8605-4E70BDC4CC99}.Release|Any CPU.ActiveCfg = Release|Any CPU
		{CDEDD439-7F35-4E6E-8605-4E70BDC4CC99}.Release|Any CPU.Build.0 = Release|Any CPU
		{115217C5-22CD-415C-A292-0DD0238CDD89}.CodeAnalysis|Any CPU.ActiveCfg = CodeAnalysis|Any CPU
		{115217C5-22CD-415C-A292-0DD0238CDD89}.CodeAnalysis|Any CPU.Build.0 = CodeAnalysis|Any CPU
		{115217C5-22CD-415C-A292-0DD0238CDD89}.Debug|Any CPU.ActiveCfg = Debug|Any CPU
		{115217C5-22CD-415C-A292-0DD0238CDD89}.Debug|Any CPU.Build.0 = Debug|Any CPU
		{115217C5-22CD-415C-A292-0DD0238CDD89}.Release|Any CPU.ActiveCfg = Release|Any CPU
		{115217C5-22CD-415C-A292-0DD0238CDD89}.Release|Any CPU.Build.0 = Release|Any CPU
		{CCF3728A-B3D7-404A-9BC6-75197135F2D7}.CodeAnalysis|Any CPU.ActiveCfg = CodeAnalysis|Any CPU
		{CCF3728A-B3D7-404A-9BC6-75197135F2D7}.CodeAnalysis|Any CPU.Build.0 = CodeAnalysis|Any CPU
		{CCF3728A-B3D7-404A-9BC6-75197135F2D7}.Debug|Any CPU.ActiveCfg = Debug|Any CPU
		{CCF3728A-B3D7-404A-9BC6-75197135F2D7}.Debug|Any CPU.Build.0 = Debug|Any CPU
		{CCF3728A-B3D7-404A-9BC6-75197135F2D7}.Release|Any CPU.ActiveCfg = Release|Any CPU
		{CCF3728A-B3D7-404A-9BC6-75197135F2D7}.Release|Any CPU.Build.0 = Release|Any CPU
	EndGlobalSection
	GlobalSection(SolutionProperties) = preSolution
		HideSolutionNode = FALSE
	EndGlobalSection
	GlobalSection(NestedProjects) = preSolution
		{9AF74F53-10F5-49A2-B747-87B97CD559D3} = {8D4236F7-C49B-49D3-BA71-6B86C9514BDE}
		{238B6BA8-AD99-43C9-B8E2-D2BCE6CE04DC} = {8D4236F7-C49B-49D3-BA71-6B86C9514BDE}
		{60426312-6AE5-4835-8667-37EDEA670222} = {8D4236F7-C49B-49D3-BA71-6B86C9514BDE}
		{115217C5-22CD-415C-A292-0DD0238CDD89} = {8D4236F7-C49B-49D3-BA71-6B86C9514BDE}
		{A288FCC8-6FCF-46DA-A45E-5F9281556361} = {9AF74F53-10F5-49A2-B747-87B97CD559D3}
		{B202E40D-4663-4A2B-ACDA-865F88FF7CAA} = {9AF74F53-10F5-49A2-B747-87B97CD559D3}
		{FED1923A-6D70-49B5-A37A-FB744FEC1C86} = {9AF74F53-10F5-49A2-B747-87B97CD559D3}
		{56459A6C-6BA2-4BAC-A9C0-27E3BD961FA6} = {238B6BA8-AD99-43C9-B8E2-D2BCE6CE04DC}
		{CDEDD439-7F35-4E6E-8605-4E70BDC4CC99} = {238B6BA8-AD99-43C9-B8E2-D2BCE6CE04DC}
		{CCF3728A-B3D7-404A-9BC6-75197135F2D7} = {238B6BA8-AD99-43C9-B8E2-D2BCE6CE04DC}
	EndGlobalSection
EndGlobal
